
Microsoft Visual Studio Solution File, Format Version 12.00
# Visual Studio Version 17
VisualStudioVersion = 17.11.35312.102
MinimumVisualStudioVersion = 10.0.40219.1
Project("{FAE04EC0-301F-11D3-BF4B-00C04F79EFBC}") = "ApplicationMovie", "ApplicationMovie\ApplicationMovie.csproj", "{34EC2E23-CE7C-4640-8D30-3D4DDF431441}"
EndProject
Project("{FAE04EC0-301F-11D3-BF4B-00C04F79EFBC}") = "API", "API\API.csproj", "{04573114-C306-478F-8732-0BB020457E2D}"
EndProject
Global
	GlobalSection(SolutionConfigurationPlatforms) = preSolution
		Debug|Any CPU = Debug|Any CPU
		Release|Any CPU = Release|Any CPU
	EndGlobalSection
	GlobalSection(ProjectConfigurationPlatforms) = postSolution
		{34EC2E23-CE7C-4640-8D30-3D4DDF431441}.Debug|Any CPU.ActiveCfg = Debug|Any CPU
		{34EC2E23-CE7C-4640-8D30-3D4DDF431441}.Debug|Any CPU.Build.0 = Debug|Any CPU
		{34EC2E23-CE7C-4640-8D30-3D4DDF431441}.Release|Any CPU.ActiveCfg = Release|Any CPU
		{34EC2E23-CE7C-4640-8D30-3D4DDF431441}.Release|Any CPU.Build.0 = Release|Any CPU
		{04573114-C306-478F-8732-0BB020457E2D}.Debug|Any CPU.ActiveCfg = Debug|Any CPU
		{04573114-C306-478F-8732-0BB020457E2D}.Debug|Any CPU.Build.0 = Debug|Any CPU
		{04573114-C306-478F-8732-0BB020457E2D}.Release|Any CPU.ActiveCfg = Release|Any CPU
		{04573114-C306-478F-8732-0BB020457E2D}.Release|Any CPU.Build.0 = Release|Any CPU
	EndGlobalSection
	GlobalSection(SolutionProperties) = preSolution
		HideSolutionNode = FALSE
	EndGlobalSection
	GlobalSection(ExtensibilityGlobals) = postSolution
		SolutionGuid = {C4147AE8-2B8D-42C3-916B-54053C608080}
	EndGlobalSection
EndGlobal
